
Microsoft Visual Studio Solution File, Format Version 12.00
# Visual Studio Version 16
VisualStudioVersion = 16.0.30503.244
MinimumVisualStudioVersion = 10.0.40219.1
Project("{2150E333-8FDC-42A3-9474-1A3956D46DE8}") = "Ruleset", "Ruleset", "{DB7DD219-7651-4726-9707-7D7C005335E2}"
	ProjectSection(SolutionItems) = preProject
		..\.editorconfig = ..\.editorconfig
		EnrichmentPipeline.ruleset = EnrichmentPipeline.ruleset
	EndProjectSection
EndProject
Project("{9A19103F-16F7-4668-BE54-9A1E7A4F7556}") = "EnrichmentPipeline.Functions.Domain", "EnrichmentPipeline.Functions.Domain\EnrichmentPipeline.Functions.Domain.csproj", "{6ABB5B97-7E14-4AD2-9021-EED25C3183B7}"
EndProject
Project("{9A19103F-16F7-4668-BE54-9A1E7A4F7556}") = "EnrichmentPipeline.Functions.Domain.Services", "EnrichmentPipeline.Functions.Domain.Services\EnrichmentPipeline.Functions.Domain.Services.csproj", "{08F22D79-5F58-4EB9-A466-B268AFC96975}"
EndProject
Project("{9A19103F-16F7-4668-BE54-9A1E7A4F7556}") = "EnrichmentPipeline.Functions.Domain.Services.Tests", "EnrichmentPipeline.Functions.Domain.Services.Tests\EnrichmentPipeline.Functions.Domain.Services.Tests.csproj", "{9BCC3DAE-F5A3-40E3-B82C-1F83BF05529F}"
EndProject
Project("{9A19103F-16F7-4668-BE54-9A1E7A4F7556}") = "EnrichmentPipeline.Functions.ImageResize", "EnrichmentPipeline.Functions.ImageResize\EnrichmentPipeline.Functions.ImageResize.csproj", "{B88B9DAA-7FD0-4B30-A3B7-2E537EC6AEEA}"
EndProject
Project("{9A19103F-16F7-4668-BE54-9A1E7A4F7556}") = "EnrichmentPipeline.Functions.WorkflowTrigger", "EnrichmentPipeline.Functions.WorkflowTrigger\EnrichmentPipeline.Functions.WorkflowTrigger.csproj", "{861E7E54-EB58-49FE-9BC1-C262283894BE}"
EndProject
Project("{9A19103F-16F7-4668-BE54-9A1E7A4F7556}") = "EnrichmentPipeline.Functions.WorkflowTrigger.Tests", "EnrichmentPipeline.Functions.WorkflowTrigger.Tests\EnrichmentPipeline.Functions.WorkflowTrigger.Tests.csproj", "{ED560BB2-1ECD-4EC5-93B4-A8209E71B6EA}"
EndProject
Global
	GlobalSection(SolutionConfigurationPlatforms) = preSolution
		Debug|Any CPU = Debug|Any CPU
		Release|Any CPU = Release|Any CPU
	EndGlobalSection
	GlobalSection(ProjectConfigurationPlatforms) = postSolution
		{6ABB5B97-7E14-4AD2-9021-EED25C3183B7}.Debug|Any CPU.ActiveCfg = Debug|Any CPU
		{6ABB5B97-7E14-4AD2-9021-EED25C3183B7}.Debug|Any CPU.Build.0 = Debug|Any CPU
		{6ABB5B97-7E14-4AD2-9021-EED25C3183B7}.Release|Any CPU.ActiveCfg = Release|Any CPU
		{6ABB5B97-7E14-4AD2-9021-EED25C3183B7}.Release|Any CPU.Build.0 = Release|Any CPU
		{08F22D79-5F58-4EB9-A466-B268AFC96975}.Debug|Any CPU.ActiveCfg = Debug|Any CPU
		{08F22D79-5F58-4EB9-A466-B268AFC96975}.Debug|Any CPU.Build.0 = Debug|Any CPU
		{08F22D79-5F58-4EB9-A466-B268AFC96975}.Release|Any CPU.ActiveCfg = Release|Any CPU
		{08F22D79-5F58-4EB9-A466-B268AFC96975}.Release|Any CPU.Build.0 = Release|Any CPU
		{9BCC3DAE-F5A3-40E3-B82C-1F83BF05529F}.Debug|Any CPU.ActiveCfg = Debug|Any CPU
		{9BCC3DAE-F5A3-40E3-B82C-1F83BF05529F}.Debug|Any CPU.Build.0 = Debug|Any CPU
		{9BCC3DAE-F5A3-40E3-B82C-1F83BF05529F}.Release|Any CPU.ActiveCfg = Release|Any CPU
		{9BCC3DAE-F5A3-40E3-B82C-1F83BF05529F}.Release|Any CPU.Build.0 = Release|Any CPU
		{B88B9DAA-7FD0-4B30-A3B7-2E537EC6AEEA}.Debug|Any CPU.ActiveCfg = Debug|Any CPU
		{B88B9DAA-7FD0-4B30-A3B7-2E537EC6AEEA}.Debug|Any CPU.Build.0 = Debug|Any CPU
		{B88B9DAA-7FD0-4B30-A3B7-2E537EC6AEEA}.Release|Any CPU.ActiveCfg = Release|Any CPU
		{B88B9DAA-7FD0-4B30-A3B7-2E537EC6AEEA}.Release|Any CPU.Build.0 = Release|Any CPU
		{861E7E54-EB58-49FE-9BC1-C262283894BE}.Debug|Any CPU.ActiveCfg = Debug|Any CPU
		{861E7E54-EB58-49FE-9BC1-C262283894BE}.Debug|Any CPU.Build.0 = Debug|Any CPU
		{861E7E54-EB58-49FE-9BC1-C262283894BE}.Release|Any CPU.ActiveCfg = Release|Any CPU
		{861E7E54-EB58-49FE-9BC1-C262283894BE}.Release|Any CPU.Build.0 = Release|Any CPU
		{ED560BB2-1ECD-4EC5-93B4-A8209E71B6EA}.Debug|Any CPU.ActiveCfg = Debug|Any CPU
		{ED560BB2-1ECD-4EC5-93B4-A8209E71B6EA}.Debug|Any CPU.Build.0 = Debug|Any CPU
		{ED560BB2-1ECD-4EC5-93B4-A8209E71B6EA}.Release|Any CPU.ActiveCfg = Release|Any CPU
		{ED560BB2-1ECD-4EC5-93B4-A8209E71B6EA}.Release|Any CPU.Build.0 = Release|Any CPU
	EndGlobalSection
	GlobalSection(SolutionProperties) = preSolution
		HideSolutionNode = FALSE
	EndGlobalSection
	GlobalSection(ExtensibilityGlobals) = postSolution
		SolutionGuid = {0ACC1B9B-B422-427D-9033-595385F67F0D}
	EndGlobalSection
EndGlobal
