
Microsoft Visual Studio Solution File, Format Version 12.00
# Visual Studio Version 16
VisualStudioVersion = 16.0.29503.13
MinimumVisualStudioVersion = 10.0.40219.1
Project("{FAE04EC0-301F-11D3-BF4B-00C04F79EFBC}") = "VideoDescription", "VideoDescription\VideoDescription.csproj", "{B10A32BA-B8A0-4617-9DFB-E245CFB4A299}"
EndProject
Global
	GlobalSection(SolutionConfigurationPlatforms) = preSolution
		Debug|Any CPU = Debug|Any CPU
		Release|Any CPU = Release|Any CPU
	EndGlobalSection
	GlobalSection(ProjectConfigurationPlatforms) = postSolution
		{B10A32BA-B8A0-4617-9DFB-E245CFB4A299}.Debug|Any CPU.ActiveCfg = Debug|Any CPU
		{B10A32BA-B8A0-4617-9DFB-E245CFB4A299}.Debug|Any CPU.Build.0 = Debug|Any CPU
		{B10A32BA-B8A0-4617-9DFB-E245CFB4A299}.Release|Any CPU.ActiveCfg = Release|Any CPU
		{B10A32BA-B8A0-4617-9DFB-E245CFB4A299}.Release|Any CPU.Build.0 = Release|Any CPU
	EndGlobalSection
	GlobalSection(SolutionProperties) = preSolution
		HideSolutionNode = FALSE
	EndGlobalSection
	GlobalSection(ExtensibilityGlobals) = postSolution
		SolutionGuid = {D4F33DEA-4694-4BC9-92B3-8A81EF8BE4AE}
	EndGlobalSection
EndGlobal
