
Microsoft Visual Studio Solution File, Format Version 12.00
# Visual Studio Version 17
VisualStudioVersion = 17.7.34202.233
MinimumVisualStudioVersion = 10.0.40219.1
Project("{9A19103F-16F7-4668-BE54-9A1E7A4F7556}") = "VideoIndexingARMAccounts", "VideoIndexingARMAccounts.csproj", "{9971757B-1F53-4899-831A-6BBA44294FA2}"
EndProject
Global
	GlobalSection(SolutionConfigurationPlatforms) = preSolution
		Debug|Any CPU = Debug|Any CPU
		Release|Any CPU = Release|Any CPU
	EndGlobalSection
	GlobalSection(ProjectConfigurationPlatforms) = postSolution
		{9971757B-1F53-4899-831A-6BBA44294FA2}.Debug|Any CPU.ActiveCfg = Debug|Any CPU
		{9971757B-1F53-4899-831A-6BBA44294FA2}.Debug|Any CPU.Build.0 = Debug|Any CPU
		{9971757B-1F53-4899-831A-6BBA44294FA2}.Release|Any CPU.ActiveCfg = Release|Any CPU
		{9971757B-1F53-4899-831A-6BBA44294FA2}.Release|Any CPU.Build.0 = Release|Any CPU
	EndGlobalSection
	GlobalSection(SolutionProperties) = preSolution
		HideSolutionNode = FALSE
	EndGlobalSection
	GlobalSection(ExtensibilityGlobals) = postSolution
		SolutionGuid = {9C6A8BD4-AF66-4127-82D5-F4CB5650BCDF}
	EndGlobalSection
EndGlobal
