
Microsoft Visual Studio Solution File, Format Version 12.00
# Visual Studio Version 17
VisualStudioVersion = 17.7.34031.279
MinimumVisualStudioVersion = 10.0.40219.1
Project("{9A19103F-16F7-4668-BE54-9A1E7A4F7556}") = "VideoIndexerClient", "VideoIndexerClient\VideoIndexerClient.csproj", "{E51F4E85-7967-494C-A98F-BF9A97677214}"
EndProject
Project("{9A19103F-16F7-4668-BE54-9A1E7A4F7556}") = "CarDetectorApp", "CarDetectorFuncApp\CarDetectorApp.csproj", "{E187AE8C-49C8-49F4-A0A8-D771A7CC4E2D}"
EndProject
Global
	GlobalSection(SolutionConfigurationPlatforms) = preSolution
		Debug|Any CPU = Debug|Any CPU
		Debug|x64 = Debug|x64
		Debug|x86 = Debug|x86
		Release|Any CPU = Release|Any CPU
		Release|x64 = Release|x64
		Release|x86 = Release|x86
	EndGlobalSection
	GlobalSection(ProjectConfigurationPlatforms) = postSolution
		{E51F4E85-7967-494C-A98F-BF9A97677214}.Debug|Any CPU.ActiveCfg = Debug|Any CPU
		{E51F4E85-7967-494C-A98F-BF9A97677214}.Debug|Any CPU.Build.0 = Debug|Any CPU
		{E51F4E85-7967-494C-A98F-BF9A97677214}.Debug|x64.ActiveCfg = Debug|Any CPU
		{E51F4E85-7967-494C-A98F-BF9A97677214}.Debug|x64.Build.0 = Debug|Any CPU
		{E51F4E85-7967-494C-A98F-BF9A97677214}.Debug|x86.ActiveCfg = Debug|Any CPU
		{E51F4E85-7967-494C-A98F-BF9A97677214}.Debug|x86.Build.0 = Debug|Any CPU
		{E51F4E85-7967-494C-A98F-BF9A97677214}.Release|Any CPU.ActiveCfg = Release|Any CPU
		{E51F4E85-7967-494C-A98F-BF9A97677214}.Release|Any CPU.Build.0 = Release|Any CPU
		{E51F4E85-7967-494C-A98F-BF9A97677214}.Release|x64.ActiveCfg = Release|Any CPU
		{E51F4E85-7967-494C-A98F-BF9A97677214}.Release|x64.Build.0 = Release|Any CPU
		{E51F4E85-7967-494C-A98F-BF9A97677214}.Release|x86.ActiveCfg = Release|Any CPU
		{E51F4E85-7967-494C-A98F-BF9A97677214}.Release|x86.Build.0 = Release|Any CPU
		{E187AE8C-49C8-49F4-A0A8-D771A7CC4E2D}.Debug|Any CPU.ActiveCfg = Debug|Any CPU
		{E187AE8C-49C8-49F4-A0A8-D771A7CC4E2D}.Debug|Any CPU.Build.0 = Debug|Any CPU
		{E187AE8C-49C8-49F4-A0A8-D771A7CC4E2D}.Debug|x64.ActiveCfg = Debug|Any CPU
		{E187AE8C-49C8-49F4-A0A8-D771A7CC4E2D}.Debug|x64.Build.0 = Debug|Any CPU
		{E187AE8C-49C8-49F4-A0A8-D771A7CC4E2D}.Debug|x86.ActiveCfg = Debug|Any CPU
		{E187AE8C-49C8-49F4-A0A8-D771A7CC4E2D}.Debug|x86.Build.0 = Debug|Any CPU
		{E187AE8C-49C8-49F4-A0A8-D771A7CC4E2D}.Release|Any CPU.ActiveCfg = Release|Any CPU
		{E187AE8C-49C8-49F4-A0A8-D771A7CC4E2D}.Release|Any CPU.Build.0 = Release|Any CPU
		{E187AE8C-49C8-49F4-A0A8-D771A7CC4E2D}.Release|x64.ActiveCfg = Release|Any CPU
		{E187AE8C-49C8-49F4-A0A8-D771A7CC4E2D}.Release|x64.Build.0 = Release|Any CPU
		{E187AE8C-49C8-49F4-A0A8-D771A7CC4E2D}.Release|x86.ActiveCfg = Release|Any CPU
		{E187AE8C-49C8-49F4-A0A8-D771A7CC4E2D}.Release|x86.Build.0 = Release|Any CPU
		{591EAC9C-DC06-400E-9BDB-0DBCF41727EF}.Debug|Any CPU.ActiveCfg = Debug|Any CPU
		{591EAC9C-DC06-400E-9BDB-0DBCF41727EF}.Debug|Any CPU.Build.0 = Debug|Any CPU
		{591EAC9C-DC06-400E-9BDB-0DBCF41727EF}.Debug|x64.ActiveCfg = Debug|Any CPU
		{591EAC9C-DC06-400E-9BDB-0DBCF41727EF}.Debug|x64.Build.0 = Debug|Any CPU
		{591EAC9C-DC06-400E-9BDB-0DBCF41727EF}.Debug|x86.ActiveCfg = Debug|Any CPU
		{591EAC9C-DC06-400E-9BDB-0DBCF41727EF}.Debug|x86.Build.0 = Debug|Any CPU
		{591EAC9C-DC06-400E-9BDB-0DBCF41727EF}.Release|Any CPU.ActiveCfg = Release|Any CPU
		{591EAC9C-DC06-400E-9BDB-0DBCF41727EF}.Release|Any CPU.Build.0 = Release|Any CPU
		{591EAC9C-DC06-400E-9BDB-0DBCF41727EF}.Release|x64.ActiveCfg = Release|Any CPU
		{591EAC9C-DC06-400E-9BDB-0DBCF41727EF}.Release|x64.Build.0 = Release|Any CPU
		{591EAC9C-DC06-400E-9BDB-0DBCF41727EF}.Release|x86.ActiveCfg = Release|Any CPU
		{591EAC9C-DC06-400E-9BDB-0DBCF41727EF}.Release|x86.Build.0 = Release|Any CPU
	EndGlobalSection
	GlobalSection(SolutionProperties) = preSolution
		HideSolutionNode = FALSE
	EndGlobalSection
	GlobalSection(ExtensibilityGlobals) = postSolution
		SolutionGuid = {C4BECCFF-E447-4290-ABEF-5DA4E6A95BC0}
	EndGlobalSection
EndGlobal
